
Microsoft Visual Studio Solution File, Format Version 12.00
# Visual Studio Version 16
VisualStudioVersion = 16.0.33130.400
MinimumVisualStudioVersion = 10.0.40219.1
Project("{FAE04EC0-301F-11D3-BF4B-00C04F79EFBC}") = "MVC_ODEV1", "MVC_ODEV1\MVC_ODEV1.csproj", "{04E881AA-6289-4C69-8563-6A06C34D8727}"
EndProject
Global
	GlobalSection(SolutionConfigurationPlatforms) = preSolution
		Debug|Any CPU = Debug|Any CPU
		Release|Any CPU = Release|Any CPU
	EndGlobalSection
	GlobalSection(ProjectConfigurationPlatforms) = postSolution
		{04E881AA-6289-4C69-8563-6A06C34D8727}.Debug|Any CPU.ActiveCfg = Debug|Any CPU
		{04E881AA-6289-4C69-8563-6A06C34D8727}.Debug|Any CPU.Build.0 = Debug|Any CPU
		{04E881AA-6289-4C69-8563-6A06C34D8727}.Release|Any CPU.ActiveCfg = Release|Any CPU
		{04E881AA-6289-4C69-8563-6A06C34D8727}.Release|Any CPU.Build.0 = Release|Any CPU
	EndGlobalSection
	GlobalSection(SolutionProperties) = preSolution
		HideSolutionNode = FALSE
	EndGlobalSection
	GlobalSection(ExtensibilityGlobals) = postSolution
		SolutionGuid = {BA8F3861-34D9-44DD-AA21-AE76BAB60455}
	EndGlobalSection
EndGlobal
